// !$*UTF8*$!
{
	archiveVersion = 1;
	classes = {
	};
	objectVersion = 50;
	objects = {

/* Begin PBXBuildFile section */
		EB7F8B8D24D9D4320087A3C8 /* URLShortDataSource.swift in Sources */ = {isa = PBXBuildFile; fileRef = EB7F8B8C24D9D4320087A3C8 /* URLShortDataSource.swift */; };
		EB7F8B8F24D9D5560087A3C8 /* URLShortTableViewCell.swift in Sources */ = {isa = PBXBuildFile; fileRef = EB7F8B8E24D9D5560087A3C8 /* URLShortTableViewCell.swift */; };
		EB7F8B9124DAC1B70087A3C8 /* ShortenerAPI.swift in Sources */ = {isa = PBXBuildFile; fileRef = EB7F8B9024DAC1B70087A3C8 /* ShortenerAPI.swift */; };
		EB7F8B9324DAEC7D0087A3C8 /* URLShortCreateViewController.swift in Sources */ = {isa = PBXBuildFile; fileRef = EB7F8B9224DAEC7D0087A3C8 /* URLShortCreateViewController.swift */; };
		EB7F8B9524DB02E20087A3C8 /* URLShortenerStore.swift in Sources */ = {isa = PBXBuildFile; fileRef = EB7F8B9424DB02E20087A3C8 /* URLShortenerStore.swift */; };
		EBEE672224DDA9A0009B7003 /* Settings.bundle in Resources */ = {isa = PBXBuildFile; fileRef = EBEE672124DDA9A0009B7003 /* Settings.bundle */; };
		EBEE672424DDABC7009B7003 /* SettingsBundleHelper.swift in Sources */ = {isa = PBXBuildFile; fileRef = EBEE672324DDABC7009B7003 /* SettingsBundleHelper.swift */; };
		EBEE672624DE57B2009B7003 /* Launch Screen.storyboard in Resources */ = {isa = PBXBuildFile; fileRef = EBEE672524DE57B2009B7003 /* Launch Screen.storyboard */; };
		EBFF792F24D9CF6700423642 /* AppDelegate.swift in Sources */ = {isa = PBXBuildFile; fileRef = EBFF792E24D9CF6700423642 /* AppDelegate.swift */; };
		EBFF793124D9CF6700423642 /* SceneDelegate.swift in Sources */ = {isa = PBXBuildFile; fileRef = EBFF793024D9CF6700423642 /* SceneDelegate.swift */; };
		EBFF793624D9CF6700423642 /* Main.storyboard in Resources */ = {isa = PBXBuildFile; fileRef = EBFF793424D9CF6700423642 /* Main.storyboard */; };
		EBFF793824D9CF6E00423642 /* Assets.xcassets in Resources */ = {isa = PBXBuildFile; fileRef = EBFF793724D9CF6E00423642 /* Assets.xcassets */; };
		EBFF793B24D9CF6E00423642 /* LaunchScreen.storyboard in Resources */ = {isa = PBXBuildFile; fileRef = EBFF793924D9CF6E00423642 /* LaunchScreen.storyboard */; };
		EBFF794324D9D00700423642 /* URLTableView.swift in Sources */ = {isa = PBXBuildFile; fileRef = EBFF794224D9D00700423642 /* URLTableView.swift */; };
		EBFF794524D9D01E00423642 /* URLTableViewController.swift in Sources */ = {isa = PBXBuildFile; fileRef = EBFF794424D9D01E00423642 /* URLTableViewController.swift */; };
		EBFF794724D9D04C00423642 /* URLShortItem.swift in Sources */ = {isa = PBXBuildFile; fileRef = EBFF794624D9D04C00423642 /* URLShortItem.swift */; };
/* End PBXBuildFile section */

/* Begin PBXFileReference section */
		EB7F8B8C24D9D4320087A3C8 /* URLShortDataSource.swift */ = {isa = PBXFileReference; lastKnownFileType = sourcecode.swift; path = URLShortDataSource.swift; sourceTree = "<group>"; };
		EB7F8B8E24D9D5560087A3C8 /* URLShortTableViewCell.swift */ = {isa = PBXFileReference; lastKnownFileType = sourcecode.swift; path = URLShortTableViewCell.swift; sourceTree = "<group>"; };
		EB7F8B9024DAC1B70087A3C8 /* ShortenerAPI.swift */ = {isa = PBXFileReference; lastKnownFileType = sourcecode.swift; path = ShortenerAPI.swift; sourceTree = "<group>"; };
		EB7F8B9224DAEC7D0087A3C8 /* URLShortCreateViewController.swift */ = {isa = PBXFileReference; lastKnownFileType = sourcecode.swift; path = URLShortCreateViewController.swift; sourceTree = "<group>"; };
		EB7F8B9424DB02E20087A3C8 /* URLShortenerStore.swift */ = {isa = PBXFileReference; lastKnownFileType = sourcecode.swift; path = URLShortenerStore.swift; sourceTree = "<group>"; };
		EBEE672124DDA9A0009B7003 /* Settings.bundle */ = {isa = PBXFileReference; lastKnownFileType = "wrapper.plug-in"; path = Settings.bundle; sourceTree = "<group>"; };
		EBEE672324DDABC7009B7003 /* SettingsBundleHelper.swift */ = {isa = PBXFileReference; lastKnownFileType = sourcecode.swift; path = SettingsBundleHelper.swift; sourceTree = "<group>"; };
		EBEE672524DE57B2009B7003 /* Launch Screen.storyboard */ = {isa = PBXFileReference; lastKnownFileType = file.storyboard; path = "Launch Screen.storyboard"; sourceTree = "<group>"; };
		EBFF792B24D9CF6700423642 /* UrlShortener.app */ = {isa = PBXFileReference; explicitFileType = wrapper.application; includeInIndex = 0; path = UrlShortener.app; sourceTree = BUILT_PRODUCTS_DIR; };
		EBFF792E24D9CF6700423642 /* AppDelegate.swift */ = {isa = PBXFileReference; lastKnownFileType = sourcecode.swift; path = AppDelegate.swift; sourceTree = "<group>"; };
		EBFF793024D9CF6700423642 /* SceneDelegate.swift */ = {isa = PBXFileReference; lastKnownFileType = sourcecode.swift; path = SceneDelegate.swift; sourceTree = "<group>"; };
		EBFF793524D9CF6700423642 /* Base */ = {isa = PBXFileReference; lastKnownFileType = file.storyboard; name = Base; path = Base.lproj/Main.storyboard; sourceTree = "<group>"; };
		EBFF793724D9CF6E00423642 /* Assets.xcassets */ = {isa = PBXFileReference; lastKnownFileType = folder.assetcatalog; path = Assets.xcassets; sourceTree = "<group>"; };
		EBFF793A24D9CF6E00423642 /* Base */ = {isa = PBXFileReference; lastKnownFileType = file.storyboard; name = Base; path = Base.lproj/LaunchScreen.storyboard; sourceTree = "<group>"; };
		EBFF793C24D9CF6E00423642 /* Info.plist */ = {isa = PBXFileReference; lastKnownFileType = text.plist.xml; path = Info.plist; sourceTree = "<group>"; };
		EBFF794224D9D00700423642 /* URLTableView.swift */ = {isa = PBXFileReference; lastKnownFileType = sourcecode.swift; path = URLTableView.swift; sourceTree = "<group>"; };
		EBFF794424D9D01E00423642 /* URLTableViewController.swift */ = {isa = PBXFileReference; lastKnownFileType = sourcecode.swift; path = URLTableViewController.swift; sourceTree = "<group>"; };
		EBFF794624D9D04C00423642 /* URLShortItem.swift */ = {isa = PBXFileReference; lastKnownFileType = sourcecode.swift; path = URLShortItem.swift; sourceTree = "<group>"; };
/* End PBXFileReference section */

/* Begin PBXFrameworksBuildPhase section */
		EBFF792824D9CF6700423642 /* Frameworks */ = {
			isa = PBXFrameworksBuildPhase;
			buildActionMask = 2147483647;
			files = (
			);
			runOnlyForDeploymentPostprocessing = 0;
		};
/* End PBXFrameworksBuildPhase section */

/* Begin PBXGroup section */
		EBFF792224D9CF6700423642 = {
			isa = PBXGroup;
			children = (
				EBFF792D24D9CF6700423642 /* UrlShortener */,
				EBFF792C24D9CF6700423642 /* Products */,
			);
			sourceTree = "<group>";
		};
		EBFF792C24D9CF6700423642 /* Products */ = {
			isa = PBXGroup;
			children = (
				EBFF792B24D9CF6700423642 /* UrlShortener.app */,
			);
			name = Products;
			sourceTree = "<group>";
		};
		EBFF792D24D9CF6700423642 /* UrlShortener */ = {
			isa = PBXGroup;
			children = (
				EBFF792E24D9CF6700423642 /* AppDelegate.swift */,
				EBFF793024D9CF6700423642 /* SceneDelegate.swift */,
				EBFF793424D9CF6700423642 /* Main.storyboard */,
				EB7F8B9224DAEC7D0087A3C8 /* URLShortCreateViewController.swift */,
				EBFF794224D9D00700423642 /* URLTableView.swift */,
				EBEE672324DDABC7009B7003 /* SettingsBundleHelper.swift */,
				EBEE672124DDA9A0009B7003 /* Settings.bundle */,
				EBFF794424D9D01E00423642 /* URLTableViewController.swift */,
				EB7F8B8C24D9D4320087A3C8 /* URLShortDataSource.swift */,
				EBFF793724D9CF6E00423642 /* Assets.xcassets */,
				EBFF793924D9CF6E00423642 /* LaunchScreen.storyboard */,
				EBFF793C24D9CF6E00423642 /* Info.plist */,
				EBFF794624D9D04C00423642 /* URLShortItem.swift */,
				EBEE672524DE57B2009B7003 /* Launch Screen.storyboard */,
				EB7F8B9024DAC1B70087A3C8 /* ShortenerAPI.swift */,
				EB7F8B8E24D9D5560087A3C8 /* URLShortTableViewCell.swift */,
				EB7F8B9424DB02E20087A3C8 /* URLShortenerStore.swift */,
			);
			path = UrlShortener;
			sourceTree = "<group>";
		};
/* End PBXGroup section */

/* Begin PBXNativeTarget section */
		EBFF792A24D9CF6700423642 /* UrlShortener */ = {
			isa = PBXNativeTarget;
			buildConfigurationList = EBFF793F24D9CF6E00423642 /* Build configuration list for PBXNativeTarget "UrlShortener" */;
			buildPhases = (
				EBFF792724D9CF6700423642 /* Sources */,
				EBFF792824D9CF6700423642 /* Frameworks */,
				EBFF792924D9CF6700423642 /* Resources */,
			);
			buildRules = (
			);
			dependencies = (
			);
			name = UrlShortener;
			productName = UrlShortener;
			productReference = EBFF792B24D9CF6700423642 /* UrlShortener.app */;
			productType = "com.apple.product-type.application";
		};
/* End PBXNativeTarget section */

/* Begin PBXProject section */
		EBFF792324D9CF6700423642 /* Project object */ = {
			isa = PBXProject;
			attributes = {
				LastSwiftUpdateCheck = 1160;
				LastUpgradeCheck = 1160;
				ORGANIZATIONNAME = "Dmitry Teplyakov";
				TargetAttributes = {
					EBFF792A24D9CF6700423642 = {
						CreatedOnToolsVersion = 11.6;
					};
				};
			};
			buildConfigurationList = EBFF792624D9CF6700423642 /* Build configuration list for PBXProject "UrlShortener" */;
			compatibilityVersion = "Xcode 9.3";
			developmentRegion = en;
			hasScannedForEncodings = 0;
			knownRegions = (
				en,
				Base,
			);
			mainGroup = EBFF792224D9CF6700423642;
			productRefGroup = EBFF792C24D9CF6700423642 /* Products */;
			projectDirPath = "";
			projectRoot = "";
			targets = (
				EBFF792A24D9CF6700423642 /* UrlShortener */,
			);
		};
/* End PBXProject section */

/* Begin PBXResourcesBuildPhase section */
		EBFF792924D9CF6700423642 /* Resources */ = {
			isa = PBXResourcesBuildPhase;
			buildActionMask = 2147483647;
			files = (
				EBEE672224DDA9A0009B7003 /* Settings.bundle in Resources */,
				EBFF793B24D9CF6E00423642 /* LaunchScreen.storyboard in Resources */,
				EBFF793824D9CF6E00423642 /* Assets.xcassets in Resources */,
				EBEE672624DE57B2009B7003 /* Launch Screen.storyboard in Resources */,
				EBFF793624D9CF6700423642 /* Main.storyboard in Resources */,
			);
			runOnlyForDeploymentPostprocessing = 0;
		};
/* End PBXResourcesBuildPhase section */

/* Begin PBXSourcesBuildPhase section */
		EBFF792724D9CF6700423642 /* Sources */ = {
			isa = PBXSourcesBuildPhase;
			buildActionMask = 2147483647;
			files = (
				EBFF794324D9D00700423642 /* URLTableView.swift in Sources */,
				EB7F8B9124DAC1B70087A3C8 /* ShortenerAPI.swift in Sources */,
				EB7F8B9524DB02E20087A3C8 /* URLShortenerStore.swift in Sources */,
				EBFF794724D9D04C00423642 /* URLShortItem.swift in Sources */,
				EBFF794524D9D01E00423642 /* URLTableViewController.swift in Sources */,
				EB7F8B8F24D9D5560087A3C8 /* URLShortTableViewCell.swift in Sources */,
				EB7F8B9324DAEC7D0087A3C8 /* URLShortCreateViewController.swift in Sources */,
				EB7F8B8D24D9D4320087A3C8 /* URLShortDataSource.swift in Sources */,
				EBEE672424DDABC7009B7003 /* SettingsBundleHelper.swift in Sources */,
				EBFF792F24D9CF6700423642 /* AppDelegate.swift in Sources */,
				EBFF793124D9CF6700423642 /* SceneDelegate.swift in Sources */,
			);
			runOnlyForDeploymentPostprocessing = 0;
		};
/* End PBXSourcesBuildPhase section */

/* Begin PBXVariantGroup section */
		EBFF793424D9CF6700423642 /* Main.storyboard */ = {
			isa = PBXVariantGroup;
			children = (
				EBFF793524D9CF6700423642 /* Base */,
			);
			name = Main.storyboard;
			sourceTree = "<group>";
		};
		EBFF793924D9CF6E00423642 /* LaunchScreen.storyboard */ = {
			isa = PBXVariantGroup;
			children = (
				EBFF793A24D9CF6E00423642 /* Base */,
			);
			name = LaunchScreen.storyboard;
			sourceTree = "<group>";
		};
/* End PBXVariantGroup section */

/* Begin XCBuildConfiguration section */
		EBFF793D24D9CF6E00423642 /* Debug */ = {
			isa = XCBuildConfiguration;
			buildSettings = {
				ALWAYS_SEARCH_USER_PATHS = NO;
				CLANG_ANALYZER_NONNULL = YES;
				CLANG_ANALYZER_NUMBER_OBJECT_CONVERSION = YES_AGGRESSIVE;
				CLANG_CXX_LANGUAGE_STANDARD = "gnu++14";
				CLANG_CXX_LIBRARY = "libc++";
				CLANG_ENABLE_MODULES = YES;
				CLANG_ENABLE_OBJC_ARC = YES;
				CLANG_ENABLE_OBJC_WEAK = YES;
				CLANG_WARN_BLOCK_CAPTURE_AUTORELEASING = YES;
				CLANG_WARN_BOOL_CONVERSION = YES;
				CLANG_WARN_COMMA = YES;
				CLANG_WARN_CONSTANT_CONVERSION = YES;
				CLANG_WARN_DEPRECATED_OBJC_IMPLEMENTATIONS = YES;
				CLANG_WARN_DIRECT_OBJC_ISA_USAGE = YES_ERROR;
				CLANG_WARN_DOCUMENTATION_COMMENTS = YES;
				CLANG_WARN_EMPTY_BODY = YES;
				CLANG_WARN_ENUM_CONVERSION = YES;
				CLANG_WARN_INFINITE_RECURSION = YES;
				CLANG_WARN_INT_CONVERSION = YES;
				CLANG_WARN_NON_LITERAL_NULL_CONVERSION = YES;
				CLANG_WARN_OBJC_IMPLICIT_RETAIN_SELF = YES;
				CLANG_WARN_OBJC_LITERAL_CONVERSION = YES;
				CLANG_WARN_OBJC_ROOT_CLASS = YES_ERROR;
				CLANG_WARN_RANGE_LOOP_ANALYSIS = YES;
				CLANG_WARN_STRICT_PROTOTYPES = YES;
				CLANG_WARN_SUSPICIOUS_MOVE = YES;
				CLANG_WARN_UNGUARDED_AVAILABILITY = YES_AGGRESSIVE;
				CLANG_WARN_UNREACHABLE_CODE = YES;
				CLANG_WARN__DUPLICATE_METHOD_MATCH = YES;
				COPY_PHASE_STRIP = NO;
				DEBUG_INFORMATION_FORMAT = dwarf;
				ENABLE_STRICT_OBJC_MSGSEND = YES;
				ENABLE_TESTABILITY = YES;
				GCC_C_LANGUAGE_STANDARD = gnu11;
				GCC_DYNAMIC_NO_PIC = NO;
				GCC_NO_COMMON_BLOCKS = YES;
				GCC_OPTIMIZATION_LEVEL = 0;
				GCC_PREPROCESSOR_DEFINITIONS = (
					"DEBUG=1",
					"$(inherited)",
				);
				GCC_WARN_64_TO_32_BIT_CONVERSION = YES;
				GCC_WARN_ABOUT_RETURN_TYPE = YES_ERROR;
				GCC_WARN_UNDECLARED_SELECTOR = YES;
				GCC_WARN_UNINITIALIZED_AUTOS = YES_AGGRESSIVE;
				GCC_WARN_UNUSED_FUNCTION = YES;
				GCC_WARN_UNUSED_VARIABLE = YES;
				IPHONEOS_DEPLOYMENT_TARGET = 13.6;
				MTL_ENABLE_DEBUG_INFO = INCLUDE_SOURCE;
				MTL_FAST_MATH = YES;
				ONLY_ACTIVE_ARCH = YES;
				SDKROOT = iphoneos;
				SWIFT_ACTIVE_COMPILATION_CONDITIONS = DEBUG;
				SWIFT_OPTIMIZATION_LEVEL = "-Onone";
			};
			name = Debug;
		};
		EBFF793E24D9CF6E00423642 /* Release */ = {
			isa = XCBuildConfiguration;
			buildSettings = {
				ALWAYS_SEARCH_USER_PATHS = NO;
				CLANG_ANALYZER_NONNULL = YES;
				CLANG_ANALYZER_NUMBER_OBJECT_CONVERSION = YES_AGGRESSIVE;
				CLANG_CXX_LANGUAGE_STANDARD = "gnu++14";
				CLANG_CXX_LIBRARY = "libc++";
				CLANG_ENABLE_MODULES = YES;
				CLANG_ENABLE_OBJC_ARC = YES;
				CLANG_ENABLE_OBJC_WEAK = YES;
				CLANG_WARN_BLOCK_CAPTURE_AUTORELEASING = YES;
				CLANG_WARN_BOOL_CONVERSION = YES;
				CLANG_WARN_COMMA = YES;
				CLANG_WARN_CONSTANT_CONVERSION = YES;
				CLANG_WARN_DEPRECATED_OBJC_IMPLEMENTATIONS = YES;
				CLANG_WARN_DIRECT_OBJC_ISA_USAGE = YES_ERROR;
				CLANG_WARN_DOCUMENTATION_COMMENTS = YES;
				CLANG_WARN_EMPTY_BODY = YES;
				CLANG_WARN_ENUM_CONVERSION = YES;
				CLANG_WARN_INFINITE_RECURSION = YES;
				CLANG_WARN_INT_CONVERSION = YES;
				CLANG_WARN_NON_LITERAL_NULL_CONVERSION = YES;
				CLANG_WARN_OBJC_IMPLICIT_RETAIN_SELF = YES;
				CLANG_WARN_OBJC_LITERAL_CONVERSION = YES;
				CLANG_WARN_OBJC_ROOT_CLASS = YES_ERROR;
				CLANG_WARN_RANGE_LOOP_ANALYSIS = YES;
				CLANG_WARN_STRICT_PROTOTYPES = YES;
				CLANG_WARN_SUSPICIOUS_MOVE = YES;
				CLANG_WARN_UNGUARDED_AVAILABILITY = YES_AGGRESSIVE;
				CLANG_WARN_UNREACHABLE_CODE = YES;
				CLANG_WARN__DUPLICATE_METHOD_MATCH = YES;
				COPY_PHASE_STRIP = NO;
				DEBUG_INFORMATION_FORMAT = "dwarf-with-dsym";
				ENABLE_NS_ASSERTIONS = NO;
				ENABLE_STRICT_OBJC_MSGSEND = YES;
				GCC_C_LANGUAGE_STANDARD = gnu11;
				GCC_NO_COMMON_BLOCKS = YES;
				GCC_WARN_64_TO_32_BIT_CONVERSION = YES;
				GCC_WARN_ABOUT_RETURN_TYPE = YES_ERROR;
				GCC_WARN_UNDECLARED_SELECTOR = YES;
				GCC_WARN_UNINITIALIZED_AUTOS = YES_AGGRESSIVE;
				GCC_WARN_UNUSED_FUNCTION = YES;
				GCC_WARN_UNUSED_VARIABLE = YES;
				IPHONEOS_DEPLOYMENT_TARGET = 13.6;
				MTL_ENABLE_DEBUG_INFO = NO;
				MTL_FAST_MATH = YES;
				SDKROOT = iphoneos;
				SWIFT_COMPILATION_MODE = wholemodule;
				SWIFT_OPTIMIZATION_LEVEL = "-O";
				VALIDATE_PRODUCT = YES;
			};
			name = Release;
		};
		EBFF794024D9CF6E00423642 /* Debug */ = {
			isa = XCBuildConfiguration;
			buildSettings = {
				ASSETCATALOG_COMPILER_APPICON_NAME = AppIcon;
				CODE_SIGN_STYLE = Automatic;
				DEVELOPMENT_TEAM = 6X28Q466AN;
				INFOPLIST_FILE = UrlShortener/Info.plist;
				LD_RUNPATH_SEARCH_PATHS = (
					"$(inherited)",
					"@executable_path/Frameworks",
				);
				PRODUCT_BUNDLE_IDENTIFIER = test.UrlShortener;
				PRODUCT_NAME = "$(TARGET_NAME)";
				SWIFT_VERSION = 5.0;
				TARGETED_DEVICE_FAMILY = "1,2";
			};
			name = Debug;
		};
		EBFF794124D9CF6E00423642 /* Release */ = {
			isa = XCBuildConfiguration;
			buildSettings = {
				ASSETCATALOG_COMPILER_APPICON_NAME = AppIcon;
				CODE_SIGN_STYLE = Automatic;
				DEVELOPMENT_TEAM = 6X28Q466AN;
				INFOPLIST_FILE = UrlShortener/Info.plist;
				LD_RUNPATH_SEARCH_PATHS = (
					"$(inherited)",
					"@executable_path/Frameworks",
				);
				PRODUCT_BUNDLE_IDENTIFIER = test.UrlShortener;
				PRODUCT_NAME = "$(TARGET_NAME)";
				SWIFT_VERSION = 5.0;
				TARGETED_DEVICE_FAMILY = "1,2";
			};
			name = Release;
		};
/* End XCBuildConfiguration section */

/* Begin XCConfigurationList section */
		EBFF792624D9CF6700423642 /* Build configuration list for PBXProject "UrlShortener" */ = {
			isa = XCConfigurationList;
			buildConfigurations = (
				EBFF793D24D9CF6E00423642 /* Debug */,
				EBFF793E24D9CF6E00423642 /* Release */,
			);
			defaultConfigurationIsVisible = 0;
			defaultConfigurationName = Release;
		};
		EBFF793F24D9CF6E00423642 /* Build configuration list for PBXNativeTarget "UrlShortener" */ = {
			isa = XCConfigurationList;
			buildConfigurations = (
				EBFF794024D9CF6E00423642 /* Debug */,
				EBFF794124D9CF6E00423642 /* Release */,
			);
			defaultConfigurationIsVisible = 0;
			defaultConfigurationName = Release;
		};
/* End XCConfigurationList section */
	};
	rootObject = EBFF792324D9CF6700423642 /* Project object */;
}
